# THIS IS AN AUTOGENERATED FILE. DO NOT EDIT THIS FILE DIRECTLY.
# yarn lockfile v1


commander@^14.0.1:
  version "14.0.1"
  resolved "https://registry.yarnpkg.com/commander/-/commander-14.0.1.tgz#2f9225c19e6ebd0dc4404dd45821b2caa17ea09b"
  integrity sha512-2JkV3gUZUVrbNA+1sjBOYLsMZ5cEEl8GTFP2a4AVz5hvasAMCQ1D2l2le/cX+pV4N6ZU17zjUahLpIXRrnWL8A==
